// !$*UTF8*$!
{
	archiveVersion = 1;
	classes = {
	};
	objectVersion = 50;
	objects = {

/* Begin PBXBuildFile section */
		C9C64783235692340021C977 /* PGHack.m in Sources */ = {isa = PBXBuildFile; fileRef = C9C64782235692340021C977 /* PGHack.m */; };
		C9C64784235692340021C977 /* PGHack.h in CopyFiles */ = {isa = PBXBuildFile; fileRef = C9C64781235692340021C977 /* PGHack.h */; };
		C9C6478D235692F90021C977 /* fishhook.c in Sources */ = {isa = PBXBuildFile; fileRef = C9C6478C235692F90021C977 /* fishhook.c */; };
		C9C64793235697B70021C977 /* dyldBypass.m in Sources */ = {isa = PBXBuildFile; fileRef = C9C64792235697B70021C977 /* dyldBypass.m */; };
/* End PBXBuildFile section */

/* Begin PBXCopyFilesBuildPhase section */
		C9C6477C235692340021C977 /* CopyFiles */ = {
			isa = PBXCopyFilesBuildPhase;
			buildActionMask = 2147483647;
			dstPath = "include/$(PRODUCT_NAME)";
			dstSubfolderSpec = 16;
			files = (
				C9C64784235692340021C977 /* PGHack.h in CopyFiles */,
			);
			runOnlyForDeploymentPostprocessing = 0;
		};
/* End PBXCopyFilesBuildPhase section */

/* Begin PBXFileReference section */
		C9C6477E235692340021C977 /* libDyldProject.a */ = {isa = PBXFileReference; explicitFileType = archive.ar; includeInIndex = 0; path = libDyldProject.a; sourceTree = BUILT_PRODUCTS_DIR; };
		C9C64781235692340021C977 /* PGHack.h */ = {isa = PBXFileReference; lastKnownFileType = sourcecode.c.h; path = PGHack.h; sourceTree = "<group>"; };
		C9C64782235692340021C977 /* PGHack.m */ = {isa = PBXFileReference; lastKnownFileType = sourcecode.c.objc; path = PGHack.m; sourceTree = "<group>"; };
		C9C6478C235692F90021C977 /* fishhook.c */ = {isa = PBXFileReference; fileEncoding = 4; lastKnownFileType = sourcecode.c.c; path = fishhook.c; sourceTree = "<group>"; };
		C9C6478E235692FF0021C977 /* fishhook.h */ = {isa = PBXFileReference; lastKnownFileType = sourcecode.c.h; path = fishhook.h; sourceTree = "<group>"; };
		C9C647912356974E0021C977 /* dyldBypass.h */ = {isa = PBXFileReference; lastKnownFileType = sourcecode.c.h; path = dyldBypass.h; sourceTree = "<group>"; };
		C9C64792235697B70021C977 /* dyldBypass.m */ = {isa = PBXFileReference; lastKnownFileType = sourcecode.c.objc; path = dyldBypass.m; sourceTree = "<group>"; };
/* End PBXFileReference section */

/* Begin PBXFrameworksBuildPhase section */
		C9C6477B235692340021C977 /* Frameworks */ = {
			isa = PBXFrameworksBuildPhase;
			buildActionMask = 2147483647;
			files = (
			);
			runOnlyForDeploymentPostprocessing = 0;
		};
/* End PBXFrameworksBuildPhase section */

/* Begin PBXGroup section */
		C9C64775235692340021C977 = {
			isa = PBXGroup;
			children = (
				C9C64780235692340021C977 /* IntegrityBypass */,
				C9C6477F235692340021C977 /* Products */,
			);
			sourceTree = "<group>";
		};
		C9C6477F235692340021C977 /* Products */ = {
			isa = PBXGroup;
			children = (
				C9C6477E235692340021C977 /* libDyldProject.a */,
			);
			name = Products;
			sourceTree = "<group>";
		};
		C9C64780235692340021C977 /* IntegrityBypass */ = {
			isa = PBXGroup;
			children = (
				C9C647902356972C0021C977 /* dyldBypass */,
				C9C6478B235692E30021C977 /* fishhook */,
				C9C64781235692340021C977 /* PGHack.h */,
				C9C64782235692340021C977 /* PGHack.m */,
			);
			path = IntegrityBypass;
			sourceTree = "<group>";
		};
		C9C6478B235692E30021C977 /* fishhook */ = {
			isa = PBXGroup;
			children = (
				C9C6478C235692F90021C977 /* fishhook.c */,
				C9C6478E235692FF0021C977 /* fishhook.h */,
			);
			path = fishhook;
			sourceTree = "<group>";
		};
		C9C647902356972C0021C977 /* dyldBypass */ = {
			isa = PBXGroup;
			children = (
				C9C647912356974E0021C977 /* dyldBypass.h */,
				C9C64792235697B70021C977 /* dyldBypass.m */,
			);
			path = dyldBypass;
			sourceTree = "<group>";
		};
/* End PBXGroup section */

/* Begin PBXNativeTarget section */
		C9C6477D235692340021C977 /* DyldProject */ = {
			isa = PBXNativeTarget;
			buildConfigurationList = C9C64787235692340021C977 /* Build configuration list for PBXNativeTarget "DyldProject" */;
			buildPhases = (
				C9C6477A235692340021C977 /* Sources */,
				C9C6477B235692340021C977 /* Frameworks */,
				C9C6477C235692340021C977 /* CopyFiles */,
				C9C6478F2356962D0021C977 /* ShellScript */,
			);
			buildRules = (
			);
			dependencies = (
			);
			name = DyldProject;
			productName = PGHack;
			productReference = C9C6477E235692340021C977 /* libDyldProject.a */;
			productType = "com.apple.product-type.library.static";
		};
/* End PBXNativeTarget section */

/* Begin PBXProject section */
		C9C64776235692340021C977 /* Project object */ = {
			isa = PBXProject;
			attributes = {
				LastUpgradeCheck = 1030;
				ORGANIZATIONNAME = Hydra;
				TargetAttributes = {
					C9C6477D235692340021C977 = {
						CreatedOnToolsVersion = 10.3;
					};
				};
			};
			buildConfigurationList = C9C64779235692340021C977 /* Build configuration list for PBXProject "DyldProject" */;
			compatibilityVersion = "Xcode 9.3";
			developmentRegion = en;
			hasScannedForEncodings = 0;
			knownRegions = (
				en,
			);
			mainGroup = C9C64775235692340021C977;
			productRefGroup = C9C6477F235692340021C977 /* Products */;
			projectDirPath = "";
			projectRoot = "";
			targets = (
				C9C6477D235692340021C977 /* DyldProject */,
			);
		};
/* End PBXProject section */

/* Begin PBXShellScriptBuildPhase section */
		C9C6478F2356962D0021C977 /* ShellScript */ = {
			isa = PBXShellScriptBuildPhase;
			buildActionMask = 2147483647;
			files = (
			);
			inputFileListPaths = (
			);
			inputPaths = (
			);
			outputFileListPaths = (
			);
			outputPaths = (
			);
			runOnlyForDeploymentPostprocessing = 0;
			shellPath = /bin/sh;
			shellScript = "xcrun --sdk iphoneos clang -arch arm64 -shared -all_load \\\n-o libOut/DyldBypass.dylib ${BUILT_PRODUCTS_DIR}/libDyldProject.a\n";
		};
/* End PBXShellScriptBuildPhase section */

/* Begin PBXSourcesBuildPhase section */
		C9C6477A235692340021C977 /* Sources */ = {
			isa = PBXSourcesBuildPhase;
			buildActionMask = 2147483647;
			files = (
				C9C6478D235692F90021C977 /* fishhook.c in Sources */,
				C9C64783235692340021C977 /* PGHack.m in Sources */,
				C9C64793235697B70021C977 /* dyldBypass.m in Sources */,
			);
			runOnlyForDeploymentPostprocessing = 0;
		};
/* End PBXSourcesBuildPhase section */

/* Begin XCBuildConfiguration section */
		C9C64785235692340021C977 /* Debug */ = {
			isa = XCBuildConfiguration;
			buildSettings = {
				ALWAYS_SEARCH_USER_PATHS = NO;
				CLANG_ANALYZER_NONNULL = YES;
				CLANG_ANALYZER_NUMBER_OBJECT_CONVERSION = YES_AGGRESSIVE;
				CLANG_CXX_LANGUAGE_STANDARD = "gnu++14";
				CLANG_CXX_LIBRARY = "libc++";
				CLANG_ENABLE_MODULES = YES;
				CLANG_ENABLE_OBJC_ARC = YES;
				CLANG_ENABLE_OBJC_WEAK = YES;
				CLANG_WARN_BLOCK_CAPTURE_AUTORELEASING = YES;
				CLANG_WARN_BOOL_CONVERSION = YES;
				CLANG_WARN_COMMA = YES;
				CLANG_WARN_CONSTANT_CONVERSION = YES;
				CLANG_WARN_DEPRECATED_OBJC_IMPLEMENTATIONS = YES;
				CLANG_WARN_DIRECT_OBJC_ISA_USAGE = YES_ERROR;
				CLANG_WARN_DOCUMENTATION_COMMENTS = YES;
				CLANG_WARN_EMPTY_BODY = YES;
				CLANG_WARN_ENUM_CONVERSION = YES;
				CLANG_WARN_INFINITE_RECURSION = YES;
				CLANG_WARN_INT_CONVERSION = YES;
				CLANG_WARN_NON_LITERAL_NULL_CONVERSION = YES;
				CLANG_WARN_OBJC_IMPLICIT_RETAIN_SELF = YES;
				CLANG_WARN_OBJC_LITERAL_CONVERSION = YES;
				CLANG_WARN_OBJC_ROOT_CLASS = YES_ERROR;
				CLANG_WARN_RANGE_LOOP_ANALYSIS = YES;
				CLANG_WARN_STRICT_PROTOTYPES = YES;
				CLANG_WARN_SUSPICIOUS_MOVE = YES;
				CLANG_WARN_UNGUARDED_AVAILABILITY = YES_AGGRESSIVE;
				CLANG_WARN_UNREACHABLE_CODE = YES;
				CLANG_WARN__DUPLICATE_METHOD_MATCH = YES;
				CODE_SIGN_IDENTITY = "iPhone Developer";
				COPY_PHASE_STRIP = YES;
				DEBUG_INFORMATION_FORMAT = dwarf;
				ENABLE_STRICT_OBJC_MSGSEND = YES;
				ENABLE_TESTABILITY = NO;
				GCC_C_LANGUAGE_STANDARD = gnu11;
				GCC_DYNAMIC_NO_PIC = NO;
				GCC_NO_COMMON_BLOCKS = YES;
				GCC_OPTIMIZATION_LEVEL = 0;
				GCC_PREPROCESSOR_DEFINITIONS = (
					"DEBUG=1",
					"$(inherited)",
				);
				GCC_WARN_64_TO_32_BIT_CONVERSION = YES;
				GCC_WARN_ABOUT_RETURN_TYPE = YES_ERROR;
				GCC_WARN_UNDECLARED_SELECTOR = YES;
				GCC_WARN_UNINITIALIZED_AUTOS = YES_AGGRESSIVE;
				GCC_WARN_UNUSED_FUNCTION = YES;
				GCC_WARN_UNUSED_VARIABLE = YES;
				IPHONEOS_DEPLOYMENT_TARGET = 11.0;
				MTL_ENABLE_DEBUG_INFO = INCLUDE_SOURCE;
				MTL_FAST_MATH = YES;
				ONLY_ACTIVE_ARCH = NO;
				SDKROOT = iphoneos;
			};
			name = Debug;
		};
		C9C64786235692340021C977 /* Release */ = {
			isa = XCBuildConfiguration;
			buildSettings = {
				ALWAYS_SEARCH_USER_PATHS = NO;
				CLANG_ANALYZER_NONNULL = YES;
				CLANG_ANALYZER_NUMBER_OBJECT_CONVERSION = YES_AGGRESSIVE;
				CLANG_CXX_LANGUAGE_STANDARD = "gnu++14";
				CLANG_CXX_LIBRARY = "libc++";
				CLANG_ENABLE_MODULES = YES;
				CLANG_ENABLE_OBJC_ARC = YES;
				CLANG_ENABLE_OBJC_WEAK = YES;
				CLANG_WARN_BLOCK_CAPTURE_AUTORELEASING = YES;
				CLANG_WARN_BOOL_CONVERSION = YES;
				CLANG_WARN_COMMA = YES;
				CLANG_WARN_CONSTANT_CONVERSION = YES;
				CLANG_WARN_DEPRECATED_OBJC_IMPLEMENTATIONS = YES;
				CLANG_WARN_DIRECT_OBJC_ISA_USAGE = YES_ERROR;
				CLANG_WARN_DOCUMENTATION_COMMENTS = YES;
				CLANG_WARN_EMPTY_BODY = YES;
				CLANG_WARN_ENUM_CONVERSION = YES;
				CLANG_WARN_INFINITE_RECURSION = YES;
				CLANG_WARN_INT_CONVERSION = YES;
				CLANG_WARN_NON_LITERAL_NULL_CONVERSION = YES;
				CLANG_WARN_OBJC_IMPLICIT_RETAIN_SELF = YES;
				CLANG_WARN_OBJC_LITERAL_CONVERSION = YES;
				CLANG_WARN_OBJC_ROOT_CLASS = YES_ERROR;
				CLANG_WARN_RANGE_LOOP_ANALYSIS = YES;
				CLANG_WARN_STRICT_PROTOTYPES = YES;
				CLANG_WARN_SUSPICIOUS_MOVE = YES;
				CLANG_WARN_UNGUARDED_AVAILABILITY = YES_AGGRESSIVE;
				CLANG_WARN_UNREACHABLE_CODE = YES;
				CLANG_WARN__DUPLICATE_METHOD_MATCH = YES;
				CODE_SIGN_IDENTITY = "iPhone Developer";
				COPY_PHASE_STRIP = YES;
				DEBUG_INFORMATION_FORMAT = "dwarf-with-dsym";
				ENABLE_NS_ASSERTIONS = NO;
				ENABLE_STRICT_OBJC_MSGSEND = YES;
				GCC_C_LANGUAGE_STANDARD = gnu11;
				GCC_NO_COMMON_BLOCKS = YES;
				GCC_WARN_64_TO_32_BIT_CONVERSION = YES;
				GCC_WARN_ABOUT_RETURN_TYPE = YES_ERROR;
				GCC_WARN_UNDECLARED_SELECTOR = YES;
				GCC_WARN_UNINITIALIZED_AUTOS = YES_AGGRESSIVE;
				GCC_WARN_UNUSED_FUNCTION = YES;
				GCC_WARN_UNUSED_VARIABLE = YES;
				IPHONEOS_DEPLOYMENT_TARGET = 11.0;
				MTL_ENABLE_DEBUG_INFO = NO;
				MTL_FAST_MATH = YES;
				ONLY_ACTIVE_ARCH = NO;
				SDKROOT = iphoneos;
				VALIDATE_PRODUCT = YES;
			};
			name = Release;
		};
		C9C64788235692340021C977 /* Debug */ = {
			isa = XCBuildConfiguration;
			buildSettings = {
				CODE_SIGN_STYLE = Automatic;
				DEVELOPMENT_TEAM = 3847GWWNP4;
				OTHER_LDFLAGS = "-ObjC";
				PRODUCT_NAME = "$(TARGET_NAME)";
				SKIP_INSTALL = YES;
				TARGETED_DEVICE_FAMILY = 1;
			};
			name = Debug;
		};
		C9C64789235692340021C977 /* Release */ = {
			isa = XCBuildConfiguration;
			buildSettings = {
				CODE_SIGN_STYLE = Automatic;
				DEVELOPMENT_TEAM = 3847GWWNP4;
				OTHER_LDFLAGS = "-ObjC";
				PRODUCT_NAME = "$(TARGET_NAME)";
				SKIP_INSTALL = YES;
				TARGETED_DEVICE_FAMILY = 1;
			};
			name = Release;
		};
/* End XCBuildConfiguration section */

/* Begin XCConfigurationList section */
		C9C64779235692340021C977 /* Build configuration list for PBXProject "DyldProject" */ = {
			isa = XCConfigurationList;
			buildConfigurations = (
				C9C64785235692340021C977 /* Debug */,
				C9C64786235692340021C977 /* Release */,
			);
			defaultConfigurationIsVisible = 0;
			defaultConfigurationName = Release;
		};
		C9C64787235692340021C977 /* Build configuration list for PBXNativeTarget "DyldProject" */ = {
			isa = XCConfigurationList;
			buildConfigurations = (
				C9C64788235692340021C977 /* Debug */,
				C9C64789235692340021C977 /* Release */,
			);
			defaultConfigurationIsVisible = 0;
			defaultConfigurationName = Release;
		};
/* End XCConfigurationList section */
	};
	rootObject = C9C64776235692340021C977 /* Project object */;
}
